// !$*UTF8*$!
{
	archiveVersion = 1;
	classes = {
	};
	objectVersion = 54;
	objects = {

/* Begin PBXBuildFile section */
		630B77AD29AD534500FE4A51 /* Purchase.swift in Sources */ = {isa = PBXBuildFile; fileRef = 630B77AC29AD534500FE4A51 /* Purchase.swift */; };
		630B77B129AE7B1C00FE4A51 /* DateUtil.swift in Sources */ = {isa = PBXBuildFile; fileRef = 630B77B029AE7B1C00FE4A51 /* DateUtil.swift */; };
		630B77B329AEC11500FE4A51 /* InputBottomSheetPosition.swift in Sources */ = {isa = PBXBuildFile; fileRef = 630B77B229AEC11500FE4A51 /* InputBottomSheetPosition.swift */; };
		630F52C32944AD7700BEFF99 /* Fonts.swift in Sources */ = {isa = PBXBuildFile; fileRef = 630F52C22944AD7700BEFF99 /* Fonts.swift */; };
		632229692AC31CD4008DC07D /* JetBrainsMono-Bold.ttf in Resources */ = {isa = PBXBuildFile; fileRef = 632229682AC3183F008DC07D /* JetBrainsMono-Bold.ttf */; };
		6322296A2AC31CDF008DC07D /* JetBrainsMono-Regular.ttf in Resources */ = {isa = PBXBuildFile; fileRef = 632229672AC3183F008DC07D /* JetBrainsMono-Regular.ttf */; };
		6322296B2AC31CDF008DC07D /* JetBrainsMono-Thin.ttf in Resources */ = {isa = PBXBuildFile; fileRef = 632229662AC3183F008DC07D /* JetBrainsMono-Thin.ttf */; };
		6322296F2AC57323008DC07D /* WholeKilnPurchase.swift in Sources */ = {isa = PBXBuildFile; fileRef = 6322296E2AC57323008DC07D /* WholeKilnPurchase.swift */; };
		632229712AC5A3ED008DC07D /* WorkshopPurchase.swift in Sources */ = {isa = PBXBuildFile; fileRef = 632229702AC5A3ED008DC07D /* WorkshopPurchase.swift */; };
		632229732AC70EBF008DC07D /* FiringWholeKilnView.swift in Sources */ = {isa = PBXBuildFile; fileRef = 632229722AC70EBF008DC07D /* FiringWholeKilnView.swift */; };
		632229752AC70EDA008DC07D /* FiringSinglePieceView.swift in Sources */ = {isa = PBXBuildFile; fileRef = 632229742AC70EDA008DC07D /* FiringSinglePieceView.swift */; };
		632229772AC711C6008DC07D /* FireTypeSection.swift in Sources */ = {isa = PBXBuildFile; fileRef = 632229762AC711C5008DC07D /* FireTypeSection.swift */; };
		632A17542AE6CC4D00F8709E /* WorkshopDetailView.swift in Sources */ = {isa = PBXBuildFile; fileRef = 632A17532AE6CC4D00F8709E /* WorkshopDetailView.swift */; };
		632A17562AE6D43E00F8709E /* PrivateClassDetailView.swift in Sources */ = {isa = PBXBuildFile; fileRef = 632A17552AE6D43E00F8709E /* PrivateClassDetailView.swift */; };
		63313898298E810A003DC943 /* PrivateClassPurchase.swift in Sources */ = {isa = PBXBuildFile; fileRef = 63313897298E810A003DC943 /* PrivateClassPurchase.swift */; };
		6331389A298E88A7003DC943 /* ClayPurchase.swift in Sources */ = {isa = PBXBuildFile; fileRef = 63313899298E88A7003DC943 /* ClayPurchase.swift */; };
		633138A0298FB39E003DC943 /* Prices.swift in Sources */ = {isa = PBXBuildFile; fileRef = 6331389F298FB39E003DC943 /* Prices.swift */; };
		63496B3A293D537000C557BC /* MenuView.swift in Sources */ = {isa = PBXBuildFile; fileRef = 63496B39293D537000C557BC /* MenuView.swift */; };
		63496B45293D54E700C557BC /* FiringView.swift in Sources */ = {isa = PBXBuildFile; fileRef = 63496B44293D54E700C557BC /* FiringView.swift */; };
		635CF37C2955E0A00092D1D8 /* BadgeButton.swift in Sources */ = {isa = PBXBuildFile; fileRef = 635CF37B2955E0A00092D1D8 /* BadgeButton.swift */; };
		635CF3812955EBCF0092D1D8 /* ShapeExtensions.swift in Sources */ = {isa = PBXBuildFile; fileRef = 635CF3802955EBCF0092D1D8 /* ShapeExtensions.swift */; };
		635CF3862955ECEE0092D1D8 /* ButtonMultiSelect.swift in Sources */ = {isa = PBXBuildFile; fileRef = 635CF3852955ECEE0092D1D8 /* ButtonMultiSelect.swift */; };
		635CF3C7295635C80092D1D8 /* WrappingHStack in Frameworks */ = {isa = PBXBuildFile; productRef = 635CF3C6295635C80092D1D8 /* WrappingHStack */; };
		635CF438295918DE0092D1D8 /* ViewExtensions.swift in Sources */ = {isa = PBXBuildFile; fileRef = 635CF437295918DE0092D1D8 /* ViewExtensions.swift */; };
		635DBD70294617E30071DF29 /* ButtonTypes.swift in Sources */ = {isa = PBXBuildFile; fileRef = 635DBD6F294617E30071DF29 /* ButtonTypes.swift */; };
		635DBD7529461FE70071DF29 /* NumberInput.swift in Sources */ = {isa = PBXBuildFile; fileRef = 635DBD7429461FE70071DF29 /* NumberInput.swift */; };
		63914D452937680700FCA40D /* App.swift in Sources */ = {isa = PBXBuildFile; fileRef = 63914D442937680700FCA40D /* App.swift */; };
		63914D492937680800FCA40D /* Assets.xcassets in Resources */ = {isa = PBXBuildFile; fileRef = 63914D482937680800FCA40D /* Assets.xcassets */; };
		63914D572937680900FCA40D /* CostsTests.swift in Sources */ = {isa = PBXBuildFile; fileRef = 63914D562937680900FCA40D /* CostsTests.swift */; };
		63914D622937680900FCA40D /* CostsUITests.swift in Sources */ = {isa = PBXBuildFile; fileRef = 63914D612937680900FCA40D /* CostsUITests.swift */; };
		63914D7C29376BC900FCA40D /* LoginView.swift in Sources */ = {isa = PBXBuildFile; fileRef = 63914D7B29376BC900FCA40D /* LoginView.swift */; };
		63914D962937712700FCA40D /* PinReader.swift in Sources */ = {isa = PBXBuildFile; fileRef = 63914D952937712700FCA40D /* PinReader.swift */; };
		63914DA12937777E00FCA40D /* UserPicker.swift in Sources */ = {isa = PBXBuildFile; fileRef = 63914DA02937777E00FCA40D /* UserPicker.swift */; };
		63A422FA2984496000F9FFE5 /* UserHandler.swift in Sources */ = {isa = PBXBuildFile; fileRef = 63A422F92984496000F9FFE5 /* UserHandler.swift */; };
		63A422FD2986837200F9FFE5 /* Realm in Frameworks */ = {isa = PBXBuildFile; productRef = 63A422FC2986837200F9FFE5 /* Realm */; };
		63A422FF2986837200F9FFE5 /* RealmSwift in Frameworks */ = {isa = PBXBuildFile; productRef = 63A422FE2986837200F9FFE5 /* RealmSwift */; };
		63A423022986875500F9FFE5 /* User.swift in Sources */ = {isa = PBXBuildFile; fileRef = 63A423012986875500F9FFE5 /* User.swift */; };
		63A4230429868E8400F9FFE5 /* Config.plist in Resources */ = {isa = PBXBuildFile; fileRef = 63A4230329868E8400F9FFE5 /* Config.plist */; };
		63A423092986DA7900F9FFE5 /* AppConfig.swift in Sources */ = {isa = PBXBuildFile; fileRef = 63A423082986DA7900F9FFE5 /* AppConfig.swift */; };
		63A4230B2986EAD500F9FFE5 /* RealmManager.swift in Sources */ = {isa = PBXBuildFile; fileRef = 63A4230A2986EAD400F9FFE5 /* RealmManager.swift */; };
		63A4230D298700DC00F9FFE5 /* ContentView.swift in Sources */ = {isa = PBXBuildFile; fileRef = 63A4230C298700DC00F9FFE5 /* ContentView.swift */; };
		63AF959729465C96006E0011 /* ClayPurchaseView.swift in Sources */ = {isa = PBXBuildFile; fileRef = 63AF959629465C96006E0011 /* ClayPurchaseView.swift */; };
		63AF959F29465CC0006E0011 /* ClassesView.swift in Sources */ = {isa = PBXBuildFile; fileRef = 63AF959E29465CC0006E0011 /* ClassesView.swift */; };
		63AF95A429465ED7006E0011 /* BindMap.swift in Sources */ = {isa = PBXBuildFile; fileRef = 63AF95A329465ED7006E0011 /* BindMap.swift */; };
		63B0D2532947CA22001722D0 /* NumberInputButton.swift in Sources */ = {isa = PBXBuildFile; fileRef = 63B0D2522947CA22001722D0 /* NumberInputButton.swift */; };
		63B1ED7D2947D2F20070D34F /* RandomEmoji.swift in Sources */ = {isa = PBXBuildFile; fileRef = 63B1ED7C2947D2F20070D34F /* RandomEmoji.swift */; };
		63B1ED8B2947F19C0070D34F /* Table.swift in Sources */ = {isa = PBXBuildFile; fileRef = 63B1ED8A2947F19C0070D34F /* Table.swift */; };
		63B1ED90294804AD0070D34F /* ClayPurchaseDetailView.swift in Sources */ = {isa = PBXBuildFile; fileRef = 63B1ED8F294804AD0070D34F /* ClayPurchaseDetailView.swift */; };
		63CAAE3D2989A6DE005DB371 /* FiringPurchase.swift in Sources */ = {isa = PBXBuildFile; fileRef = 63CAAE3C2989A6DE005DB371 /* FiringPurchase.swift */; };
		63D112E12B573B5E00AB10F7 /* PriceUtil.swift in Sources */ = {isa = PBXBuildFile; fileRef = 63D112E02B573B5E00AB10F7 /* PriceUtil.swift */; };
		63DAFFA82973690E00B61735 /* NumberBottomSheet.swift in Sources */ = {isa = PBXBuildFile; fileRef = 63DAFFA72973690E00B61735 /* NumberBottomSheet.swift */; };
		63E1AA03295B94AD000CB0F0 /* BottomSheet in Frameworks */ = {isa = PBXBuildFile; productRef = 63E1AA02295B94AD000CB0F0 /* BottomSheet */; };
/* End PBXBuildFile section */

/* Begin PBXContainerItemProxy section */
		63914D532937680800FCA40D /* PBXContainerItemProxy */ = {
			isa = PBXContainerItemProxy;
			containerPortal = 63914D392937680600FCA40D /* Project object */;
			proxyType = 1;
			remoteGlobalIDString = 63914D402937680600FCA40D;
			remoteInfo = costs;
		};
		63914D5E2937680900FCA40D /* PBXContainerItemProxy */ = {
			isa = PBXContainerItemProxy;
			containerPortal = 63914D392937680600FCA40D /* Project object */;
			proxyType = 1;
			remoteGlobalIDString = 63914D402937680600FCA40D;
			remoteInfo = costs;
		};
/* End PBXContainerItemProxy section */

/* Begin PBXCopyFilesBuildPhase section */
		63496B30293D38AE00C557BC /* Embed Foundation Extensions */ = {
			isa = PBXCopyFilesBuildPhase;
			buildActionMask = 2147483647;
			dstPath = "";
			dstSubfolderSpec = 13;
			files = (
			);
			name = "Embed Foundation Extensions";
			runOnlyForDeploymentPostprocessing = 0;
		};
/* End PBXCopyFilesBuildPhase section */

/* Begin PBXFileReference section */
		630B77AC29AD534500FE4A51 /* Purchase.swift */ = {isa = PBXFileReference; lastKnownFileType = sourcecode.swift; path = Purchase.swift; sourceTree = "<group>"; };
		630B77B029AE7B1C00FE4A51 /* DateUtil.swift */ = {isa = PBXFileReference; lastKnownFileType = sourcecode.swift; path = DateUtil.swift; sourceTree = "<group>"; };
		630B77B229AEC11500FE4A51 /* InputBottomSheetPosition.swift */ = {isa = PBXFileReference; lastKnownFileType = sourcecode.swift; path = InputBottomSheetPosition.swift; sourceTree = "<group>"; };
		630F52C22944AD7700BEFF99 /* Fonts.swift */ = {isa = PBXFileReference; lastKnownFileType = sourcecode.swift; path = Fonts.swift; sourceTree = "<group>"; };
		632229662AC3183F008DC07D /* JetBrainsMono-Thin.ttf */ = {isa = PBXFileReference; lastKnownFileType = file; path = "JetBrainsMono-Thin.ttf"; sourceTree = "<group>"; };
		632229672AC3183F008DC07D /* JetBrainsMono-Regular.ttf */ = {isa = PBXFileReference; lastKnownFileType = file; path = "JetBrainsMono-Regular.ttf"; sourceTree = "<group>"; };
		632229682AC3183F008DC07D /* JetBrainsMono-Bold.ttf */ = {isa = PBXFileReference; lastKnownFileType = file; path = "JetBrainsMono-Bold.ttf"; sourceTree = "<group>"; };
		6322296E2AC57323008DC07D /* WholeKilnPurchase.swift */ = {isa = PBXFileReference; lastKnownFileType = sourcecode.swift; path = WholeKilnPurchase.swift; sourceTree = "<group>"; };
		632229702AC5A3ED008DC07D /* WorkshopPurchase.swift */ = {isa = PBXFileReference; lastKnownFileType = sourcecode.swift; path = WorkshopPurchase.swift; sourceTree = "<group>"; };
		632229722AC70EBF008DC07D /* FiringWholeKilnView.swift */ = {isa = PBXFileReference; lastKnownFileType = sourcecode.swift; path = FiringWholeKilnView.swift; sourceTree = "<group>"; };
		632229742AC70EDA008DC07D /* FiringSinglePieceView.swift */ = {isa = PBXFileReference; lastKnownFileType = sourcecode.swift; path = FiringSinglePieceView.swift; sourceTree = "<group>"; };
		632229762AC711C5008DC07D /* FireTypeSection.swift */ = {isa = PBXFileReference; lastKnownFileType = sourcecode.swift; path = FireTypeSection.swift; sourceTree = "<group>"; };
		632A17532AE6CC4D00F8709E /* WorkshopDetailView.swift */ = {isa = PBXFileReference; lastKnownFileType = sourcecode.swift; path = WorkshopDetailView.swift; sourceTree = "<group>"; };
		632A17552AE6D43E00F8709E /* PrivateClassDetailView.swift */ = {isa = PBXFileReference; lastKnownFileType = sourcecode.swift; path = PrivateClassDetailView.swift; sourceTree = "<group>"; };
		63313897298E810A003DC943 /* PrivateClassPurchase.swift */ = {isa = PBXFileReference; lastKnownFileType = sourcecode.swift; path = PrivateClassPurchase.swift; sourceTree = "<group>"; };
		63313899298E88A7003DC943 /* ClayPurchase.swift */ = {isa = PBXFileReference; lastKnownFileType = sourcecode.swift; path = ClayPurchase.swift; sourceTree = "<group>"; };
		6331389F298FB39E003DC943 /* Prices.swift */ = {isa = PBXFileReference; lastKnownFileType = sourcecode.swift; path = Prices.swift; sourceTree = "<group>"; };
		63496B39293D537000C557BC /* MenuView.swift */ = {isa = PBXFileReference; lastKnownFileType = sourcecode.swift; path = MenuView.swift; sourceTree = "<group>"; };
		63496B44293D54E700C557BC /* FiringView.swift */ = {isa = PBXFileReference; lastKnownFileType = sourcecode.swift; path = FiringView.swift; sourceTree = "<group>"; };
		635CF37B2955E0A00092D1D8 /* BadgeButton.swift */ = {isa = PBXFileReference; lastKnownFileType = sourcecode.swift; path = BadgeButton.swift; sourceTree = "<group>"; };
		635CF3802955EBCF0092D1D8 /* ShapeExtensions.swift */ = {isa = PBXFileReference; lastKnownFileType = sourcecode.swift; path = ShapeExtensions.swift; sourceTree = "<group>"; };
		635CF3852955ECEE0092D1D8 /* ButtonMultiSelect.swift */ = {isa = PBXFileReference; lastKnownFileType = sourcecode.swift; path = ButtonMultiSelect.swift; sourceTree = "<group>"; };
		635CF437295918DE0092D1D8 /* ViewExtensions.swift */ = {isa = PBXFileReference; lastKnownFileType = sourcecode.swift; path = ViewExtensions.swift; sourceTree = "<group>"; };
		635DBD6F294617E30071DF29 /* ButtonTypes.swift */ = {isa = PBXFileReference; lastKnownFileType = sourcecode.swift; path = ButtonTypes.swift; sourceTree = "<group>"; };
		635DBD7429461FE70071DF29 /* NumberInput.swift */ = {isa = PBXFileReference; lastKnownFileType = sourcecode.swift; path = NumberInput.swift; sourceTree = "<group>"; };
		63914D412937680700FCA40D /* Costs.app */ = {isa = PBXFileReference; explicitFileType = wrapper.application; includeInIndex = 0; path = Costs.app; sourceTree = BUILT_PRODUCTS_DIR; };
		63914D442937680700FCA40D /* App.swift */ = {isa = PBXFileReference; lastKnownFileType = sourcecode.swift; path = App.swift; sourceTree = "<group>"; };
		63914D482937680800FCA40D /* Assets.xcassets */ = {isa = PBXFileReference; lastKnownFileType = folder.assetcatalog; path = Assets.xcassets; sourceTree = "<group>"; };
		63914D4D2937680800FCA40D /* Info.plist */ = {isa = PBXFileReference; lastKnownFileType = text.plist.xml; path = Info.plist; sourceTree = "<group>"; };
		63914D522937680800FCA40D /* CostsTests.xctest */ = {isa = PBXFileReference; explicitFileType = wrapper.cfbundle; includeInIndex = 0; path = CostsTests.xctest; sourceTree = BUILT_PRODUCTS_DIR; };
		63914D562937680900FCA40D /* CostsTests.swift */ = {isa = PBXFileReference; lastKnownFileType = sourcecode.swift; path = CostsTests.swift; sourceTree = "<group>"; };
		63914D582937680900FCA40D /* Info.plist */ = {isa = PBXFileReference; lastKnownFileType = text.plist.xml; path = Info.plist; sourceTree = "<group>"; };
		63914D5D2937680900FCA40D /* CostsUITests.xctest */ = {isa = PBXFileReference; explicitFileType = wrapper.cfbundle; includeInIndex = 0; path = CostsUITests.xctest; sourceTree = BUILT_PRODUCTS_DIR; };
		63914D612937680900FCA40D /* CostsUITests.swift */ = {isa = PBXFileReference; lastKnownFileType = sourcecode.swift; path = CostsUITests.swift; sourceTree = "<group>"; };
		63914D632937680900FCA40D /* Info.plist */ = {isa = PBXFileReference; lastKnownFileType = text.plist.xml; path = Info.plist; sourceTree = "<group>"; };
		63914D7B29376BC900FCA40D /* LoginView.swift */ = {isa = PBXFileReference; lastKnownFileType = sourcecode.swift; path = LoginView.swift; sourceTree = "<group>"; };
		63914D952937712700FCA40D /* PinReader.swift */ = {isa = PBXFileReference; lastKnownFileType = sourcecode.swift; path = PinReader.swift; sourceTree = "<group>"; };
		63914DA02937777E00FCA40D /* UserPicker.swift */ = {isa = PBXFileReference; lastKnownFileType = sourcecode.swift; path = UserPicker.swift; sourceTree = "<group>"; };
		63A422F92984496000F9FFE5 /* UserHandler.swift */ = {isa = PBXFileReference; lastKnownFileType = sourcecode.swift; path = UserHandler.swift; sourceTree = "<group>"; };
		63A423012986875500F9FFE5 /* User.swift */ = {isa = PBXFileReference; lastKnownFileType = sourcecode.swift; path = User.swift; sourceTree = "<group>"; };
		63A4230329868E8400F9FFE5 /* Config.plist */ = {isa = PBXFileReference; lastKnownFileType = text.plist.xml; path = Config.plist; sourceTree = "<group>"; };
		63A423082986DA7900F9FFE5 /* AppConfig.swift */ = {isa = PBXFileReference; lastKnownFileType = sourcecode.swift; path = AppConfig.swift; sourceTree = "<group>"; };
		63A4230A2986EAD400F9FFE5 /* RealmManager.swift */ = {isa = PBXFileReference; lastKnownFileType = sourcecode.swift; path = RealmManager.swift; sourceTree = "<group>"; };
		63A4230C298700DC00F9FFE5 /* ContentView.swift */ = {isa = PBXFileReference; lastKnownFileType = sourcecode.swift; path = ContentView.swift; sourceTree = "<group>"; };
		63AF959629465C96006E0011 /* ClayPurchaseView.swift */ = {isa = PBXFileReference; fileEncoding = 4; lastKnownFileType = sourcecode.swift; path = ClayPurchaseView.swift; sourceTree = "<group>"; };
		63AF959E29465CC0006E0011 /* ClassesView.swift */ = {isa = PBXFileReference; lastKnownFileType = sourcecode.swift; path = ClassesView.swift; sourceTree = "<group>"; };
		63AF95A329465ED7006E0011 /* BindMap.swift */ = {isa = PBXFileReference; lastKnownFileType = sourcecode.swift; path = BindMap.swift; sourceTree = "<group>"; };
		63B0D2522947CA22001722D0 /* NumberInputButton.swift */ = {isa = PBXFileReference; lastKnownFileType = sourcecode.swift; path = NumberInputButton.swift; sourceTree = "<group>"; };
		63B1ED7C2947D2F20070D34F /* RandomEmoji.swift */ = {isa = PBXFileReference; lastKnownFileType = sourcecode.swift; path = RandomEmoji.swift; sourceTree = "<group>"; };
		63B1ED8A2947F19C0070D34F /* Table.swift */ = {isa = PBXFileReference; lastKnownFileType = sourcecode.swift; path = Table.swift; sourceTree = "<group>"; };
		63B1ED8F294804AD0070D34F /* ClayPurchaseDetailView.swift */ = {isa = PBXFileReference; lastKnownFileType = sourcecode.swift; path = ClayPurchaseDetailView.swift; sourceTree = "<group>"; };
		63CAAE3C2989A6DE005DB371 /* FiringPurchase.swift */ = {isa = PBXFileReference; lastKnownFileType = sourcecode.swift; path = FiringPurchase.swift; sourceTree = "<group>"; };
		63D112E02B573B5E00AB10F7 /* PriceUtil.swift */ = {isa = PBXFileReference; lastKnownFileType = sourcecode.swift; path = PriceUtil.swift; sourceTree = "<group>"; };
		63DAFFA72973690E00B61735 /* NumberBottomSheet.swift */ = {isa = PBXFileReference; lastKnownFileType = sourcecode.swift; path = NumberBottomSheet.swift; sourceTree = "<group>"; };
/* End PBXFileReference section */

/* Begin PBXFrameworksBuildPhase section */
		63914D3E2937680600FCA40D /* Frameworks */ = {
			isa = PBXFrameworksBuildPhase;
			buildActionMask = 2147483647;
			files = (
				63A422FF2986837200F9FFE5 /* RealmSwift in Frameworks */,
				63A422FD2986837200F9FFE5 /* Realm in Frameworks */,
				635CF3C7295635C80092D1D8 /* WrappingHStack in Frameworks */,
				63E1AA03295B94AD000CB0F0 /* BottomSheet in Frameworks */,
			);
			runOnlyForDeploymentPostprocessing = 0;
		};
		63914D4F2937680800FCA40D /* Frameworks */ = {
			isa = PBXFrameworksBuildPhase;
			buildActionMask = 2147483647;
			files = (
			);
			runOnlyForDeploymentPostprocessing = 0;
		};
		63914D5A2937680900FCA40D /* Frameworks */ = {
			isa = PBXFrameworksBuildPhase;
			buildActionMask = 2147483647;
			files = (
			);
			runOnlyForDeploymentPostprocessing = 0;
		};
/* End PBXFrameworksBuildPhase section */

/* Begin PBXGroup section */
		630F52BB2944ACB800BEFF99 /* Fonts */ = {
			isa = PBXGroup;
			children = (
				632229682AC3183F008DC07D /* JetBrainsMono-Bold.ttf */,
				632229672AC3183F008DC07D /* JetBrainsMono-Regular.ttf */,
				632229662AC3183F008DC07D /* JetBrainsMono-Thin.ttf */,
				630F52C22944AD7700BEFF99 /* Fonts.swift */,
			);
			path = Fonts;
			sourceTree = "<group>";
		};
		63496B38293D531800C557BC /* Menu */ = {
			isa = PBXGroup;
			children = (
				63496B39293D537000C557BC /* MenuView.swift */,
			);
			path = Menu;
			sourceTree = "<group>";
		};
		63496B43293D54D600C557BC /* Firing */ = {
			isa = PBXGroup;
			children = (
				63496B44293D54E700C557BC /* FiringView.swift */,
				632229722AC70EBF008DC07D /* FiringWholeKilnView.swift */,
				632229742AC70EDA008DC07D /* FiringSinglePieceView.swift */,
				632229762AC711C5008DC07D /* FireTypeSection.swift */,
			);
			path = Firing;
			sourceTree = "<group>";
		};
		63496B5C293D5E3B00C557BC /* Pages */ = {
			isa = PBXGroup;
			children = (
				63AF959529465C71006E0011 /* CeramicClasses */,
				63AF959429465C61006E0011 /* ClayPurchase */,
				63496B69293D5FEA00C557BC /* Login */,
				63496B38293D531800C557BC /* Menu */,
				63496B43293D54D600C557BC /* Firing */,
			);
			path = Pages;
			sourceTree = "<group>";
		};
		63496B68293D5FD200C557BC /* Components */ = {
			isa = PBXGroup;
			children = (
				63B0D25A2947CB22001722D0 /* Extensions */,
				63B0D2512947C9FA001722D0 /* NumberInput */,
				63914D952937712700FCA40D /* PinReader.swift */,
				63914DA02937777E00FCA40D /* UserPicker.swift */,
				63B1ED8A2947F19C0070D34F /* Table.swift */,
				635CF37B2955E0A00092D1D8 /* BadgeButton.swift */,
				635CF3852955ECEE0092D1D8 /* ButtonMultiSelect.swift */,
			);
			path = Components;
			sourceTree = "<group>";
		};
		63496B69293D5FEA00C557BC /* Login */ = {
			isa = PBXGroup;
			children = (
				63914D7B29376BC900FCA40D /* LoginView.swift */,
			);
			path = Login;
			sourceTree = "<group>";
		};
		63914D382937680600FCA40D = {
			isa = PBXGroup;
			children = (
				63914D432937680700FCA40D /* Costs */,
				63914D552937680800FCA40D /* CostsTests */,
				63914D602937680900FCA40D /* CostsUITests */,
				63914D422937680700FCA40D /* Products */,
			);
			sourceTree = "<group>";
		};
		63914D422937680700FCA40D /* Products */ = {
			isa = PBXGroup;
			children = (
				63914D412937680700FCA40D /* Costs.app */,
				63914D522937680800FCA40D /* CostsTests.xctest */,
				63914D5D2937680900FCA40D /* CostsUITests.xctest */,
			);
			name = Products;
			sourceTree = "<group>";
		};
		63914D432937680700FCA40D /* Costs */ = {
			isa = PBXGroup;
			children = (
				630F52BB2944ACB800BEFF99 /* Fonts */,
				63A423002986871700F9FFE5 /* Model */,
				63914D8129376E6800FCA40D /* Views */,
				63B0D24D2947C152001722D0 /* Utils */,
				63914D442937680700FCA40D /* App.swift */,
				63A423082986DA7900F9FFE5 /* AppConfig.swift */,
				63A422F92984496000F9FFE5 /* UserHandler.swift */,
				63A4230A2986EAD400F9FFE5 /* RealmManager.swift */,
				63914D482937680800FCA40D /* Assets.xcassets */,
				63A4230329868E8400F9FFE5 /* Config.plist */,
				63914D4D2937680800FCA40D /* Info.plist */,
			);
			path = Costs;
			sourceTree = "<group>";
		};
		63914D552937680800FCA40D /* CostsTests */ = {
			isa = PBXGroup;
			children = (
				63914D562937680900FCA40D /* CostsTests.swift */,
				63914D582937680900FCA40D /* Info.plist */,
			);
			path = CostsTests;
			sourceTree = "<group>";
		};
		63914D602937680900FCA40D /* CostsUITests */ = {
			isa = PBXGroup;
			children = (
				63914D612937680900FCA40D /* CostsUITests.swift */,
				63914D632937680900FCA40D /* Info.plist */,
			);
			path = CostsUITests;
			sourceTree = "<group>";
		};
		63914D8129376E6800FCA40D /* Views */ = {
			isa = PBXGroup;
			children = (
				63496B68293D5FD200C557BC /* Components */,
				63496B5C293D5E3B00C557BC /* Pages */,
				63A4230C298700DC00F9FFE5 /* ContentView.swift */,
			);
			path = Views;
			sourceTree = "<group>";
		};
		63A423002986871700F9FFE5 /* Model */ = {
			isa = PBXGroup;
			children = (
				63A423012986875500F9FFE5 /* User.swift */,
				63CAAE3C2989A6DE005DB371 /* FiringPurchase.swift */,
				63313897298E810A003DC943 /* PrivateClassPurchase.swift */,
				63313899298E88A7003DC943 /* ClayPurchase.swift */,
				6331389F298FB39E003DC943 /* Prices.swift */,
				630B77AC29AD534500FE4A51 /* Purchase.swift */,
				6322296E2AC57323008DC07D /* WholeKilnPurchase.swift */,
				632229702AC5A3ED008DC07D /* WorkshopPurchase.swift */,
			);
			path = Model;
			sourceTree = "<group>";
		};
		63AF959429465C61006E0011 /* ClayPurchase */ = {
			isa = PBXGroup;
			children = (
				63AF959629465C96006E0011 /* ClayPurchaseView.swift */,
				63B1ED8F294804AD0070D34F /* ClayPurchaseDetailView.swift */,
			);
			path = ClayPurchase;
			sourceTree = "<group>";
		};
		63AF959529465C71006E0011 /* CeramicClasses */ = {
			isa = PBXGroup;
			children = (
				63AF959E29465CC0006E0011 /* ClassesView.swift */,
				632A17532AE6CC4D00F8709E /* WorkshopDetailView.swift */,
				632A17552AE6D43E00F8709E /* PrivateClassDetailView.swift */,
			);
			path = CeramicClasses;
			sourceTree = "<group>";
		};
		63B0D24D2947C152001722D0 /* Utils */ = {
			isa = PBXGroup;
			children = (
				63AF95A329465ED7006E0011 /* BindMap.swift */,
				63B1ED7C2947D2F20070D34F /* RandomEmoji.swift */,
				630B77B029AE7B1C00FE4A51 /* DateUtil.swift */,
				630B77B229AEC11500FE4A51 /* InputBottomSheetPosition.swift */,
				63D112E02B573B5E00AB10F7 /* PriceUtil.swift */,
			);
			path = Utils;
			sourceTree = "<group>";
		};
		63B0D2512947C9FA001722D0 /* NumberInput */ = {
			isa = PBXGroup;
			children = (
				635DBD7429461FE70071DF29 /* NumberInput.swift */,
				63B0D2522947CA22001722D0 /* NumberInputButton.swift */,
			);
			path = NumberInput;
			sourceTree = "<group>";
		};
		63B0D25A2947CB22001722D0 /* Extensions */ = {
			isa = PBXGroup;
			children = (
				635DBD6F294617E30071DF29 /* ButtonTypes.swift */,
				635CF3802955EBCF0092D1D8 /* ShapeExtensions.swift */,
				635CF437295918DE0092D1D8 /* ViewExtensions.swift */,
				63DAFFA72973690E00B61735 /* NumberBottomSheet.swift */,
			);
			path = Extensions;
			sourceTree = "<group>";
		};
/* End PBXGroup section */

/* Begin PBXNativeTarget section */
		63914D402937680600FCA40D /* Costs */ = {
			isa = PBXNativeTarget;
			buildConfigurationList = 63914D662937680900FCA40D /* Build configuration list for PBXNativeTarget "Costs" */;
			buildPhases = (
				63914D3D2937680600FCA40D /* Sources */,
				63914D3E2937680600FCA40D /* Frameworks */,
				63914D3F2937680600FCA40D /* Resources */,
				63496B30293D38AE00C557BC /* Embed Foundation Extensions */,
			);
			buildRules = (
			);
			dependencies = (
			);
			name = Costs;
			packageProductDependencies = (
				635CF3C6295635C80092D1D8 /* WrappingHStack */,
				63E1AA02295B94AD000CB0F0 /* BottomSheet */,
				63A422FC2986837200F9FFE5 /* Realm */,
				63A422FE2986837200F9FFE5 /* RealmSwift */,
			);
			productName = costs;
			productReference = 63914D412937680700FCA40D /* Costs.app */;
			productType = "com.apple.product-type.application";
		};
		63914D512937680800FCA40D /* CostsTests */ = {
			isa = PBXNativeTarget;
			buildConfigurationList = 63914D692937680900FCA40D /* Build configuration list for PBXNativeTarget "CostsTests" */;
			buildPhases = (
				63914D4E2937680800FCA40D /* Sources */,
				63914D4F2937680800FCA40D /* Frameworks */,
				63914D502937680800FCA40D /* Resources */,
			);
			buildRules = (
			);
			dependencies = (
				63914D542937680800FCA40D /* PBXTargetDependency */,
			);
			name = CostsTests;
			productName = costsTests;
			productReference = 63914D522937680800FCA40D /* CostsTests.xctest */;
			productType = "com.apple.product-type.bundle.unit-test";
		};
		63914D5C2937680900FCA40D /* CostsUITests */ = {
			isa = PBXNativeTarget;
			buildConfigurationList = 63914D6C2937680900FCA40D /* Build configuration list for PBXNativeTarget "CostsUITests" */;
			buildPhases = (
				63914D592937680900FCA40D /* Sources */,
				63914D5A2937680900FCA40D /* Frameworks */,
				63914D5B2937680900FCA40D /* Resources */,
			);
			buildRules = (
			);
			dependencies = (
				63914D5F2937680900FCA40D /* PBXTargetDependency */,
			);
			name = CostsUITests;
			productName = costsUITests;
			productReference = 63914D5D2937680900FCA40D /* CostsUITests.xctest */;
			productType = "com.apple.product-type.bundle.ui-testing";
		};
/* End PBXNativeTarget section */

/* Begin PBXProject section */
		63914D392937680600FCA40D /* Project object */ = {
			isa = PBXProject;
			attributes = {
				BuildIndependentTargetsInParallel = YES;
				LastSwiftUpdateCheck = 1240;
				LastUpgradeCheck = 1520;
				TargetAttributes = {
					63914D402937680600FCA40D = {
						CreatedOnToolsVersion = 12.4;
					};
					63914D512937680800FCA40D = {
						CreatedOnToolsVersion = 12.4;
						TestTargetID = 63914D402937680600FCA40D;
					};
					63914D5C2937680900FCA40D = {
						CreatedOnToolsVersion = 12.4;
						TestTargetID = 63914D402937680600FCA40D;
					};
				};
			};
			buildConfigurationList = 63914D3C2937680600FCA40D /* Build configuration list for PBXProject "Costs" */;
			compatibilityVersion = "Xcode 12.0";
			developmentRegion = en;
			hasScannedForEncodings = 0;
			knownRegions = (
				en,
				Base,
			);
			mainGroup = 63914D382937680600FCA40D;
			packageReferences = (
				635CF3C5295635C80092D1D8 /* XCRemoteSwiftPackageReference "WrappingHStack" */,
				63E1AA01295B94AD000CB0F0 /* XCRemoteSwiftPackageReference "BottomSheet" */,
				63A422FB2986837200F9FFE5 /* XCRemoteSwiftPackageReference "realm-swift" */,
			);
			productRefGroup = 63914D422937680700FCA40D /* Products */;
			projectDirPath = "";
			projectRoot = "";
			targets = (
				63914D402937680600FCA40D /* Costs */,
				63914D512937680800FCA40D /* CostsTests */,
				63914D5C2937680900FCA40D /* CostsUITests */,
			);
		};
/* End PBXProject section */

/* Begin PBXResourcesBuildPhase section */
		63914D3F2937680600FCA40D /* Resources */ = {
			isa = PBXResourcesBuildPhase;
			buildActionMask = 2147483647;
			files = (
				6322296B2AC31CDF008DC07D /* JetBrainsMono-Thin.ttf in Resources */,
				63914D492937680800FCA40D /* Assets.xcassets in Resources */,
				632229692AC31CD4008DC07D /* JetBrainsMono-Bold.ttf in Resources */,
				63A4230429868E8400F9FFE5 /* Config.plist in Resources */,
				6322296A2AC31CDF008DC07D /* JetBrainsMono-Regular.ttf in Resources */,
			);
			runOnlyForDeploymentPostprocessing = 0;
		};
		63914D502937680800FCA40D /* Resources */ = {
			isa = PBXResourcesBuildPhase;
			buildActionMask = 2147483647;
			files = (
			);
			runOnlyForDeploymentPostprocessing = 0;
		};
		63914D5B2937680900FCA40D /* Resources */ = {
			isa = PBXResourcesBuildPhase;
			buildActionMask = 2147483647;
			files = (
			);
			runOnlyForDeploymentPostprocessing = 0;
		};
/* End PBXResourcesBuildPhase section */

/* Begin PBXSourcesBuildPhase section */
		63914D3D2937680600FCA40D /* Sources */ = {
			isa = PBXSourcesBuildPhase;
			buildActionMask = 2147483647;
			files = (
				63496B3A293D537000C557BC /* MenuView.swift in Sources */,
				63A423092986DA7900F9FFE5 /* AppConfig.swift in Sources */,
				63A4230B2986EAD500F9FFE5 /* RealmManager.swift in Sources */,
				632229772AC711C6008DC07D /* FireTypeSection.swift in Sources */,
				632229752AC70EDA008DC07D /* FiringSinglePieceView.swift in Sources */,
				63914D962937712700FCA40D /* PinReader.swift in Sources */,
				632A17562AE6D43E00F8709E /* PrivateClassDetailView.swift in Sources */,
				63AF959F29465CC0006E0011 /* ClassesView.swift in Sources */,
				63A422FA2984496000F9FFE5 /* UserHandler.swift in Sources */,
				63B1ED7D2947D2F20070D34F /* RandomEmoji.swift in Sources */,
				632229712AC5A3ED008DC07D /* WorkshopPurchase.swift in Sources */,
				63D112E12B573B5E00AB10F7 /* PriceUtil.swift in Sources */,
				630B77B329AEC11500FE4A51 /* InputBottomSheetPosition.swift in Sources */,
				63914DA12937777E00FCA40D /* UserPicker.swift in Sources */,
				635CF3812955EBCF0092D1D8 /* ShapeExtensions.swift in Sources */,
				63CAAE3D2989A6DE005DB371 /* FiringPurchase.swift in Sources */,
				632229732AC70EBF008DC07D /* FiringWholeKilnView.swift in Sources */,
				635CF438295918DE0092D1D8 /* ViewExtensions.swift in Sources */,
				633138A0298FB39E003DC943 /* Prices.swift in Sources */,
				63B1ED90294804AD0070D34F /* ClayPurchaseDetailView.swift in Sources */,
				63AF95A429465ED7006E0011 /* BindMap.swift in Sources */,
				63B0D2532947CA22001722D0 /* NumberInputButton.swift in Sources */,
				630B77B129AE7B1C00FE4A51 /* DateUtil.swift in Sources */,
				63914D7C29376BC900FCA40D /* LoginView.swift in Sources */,
				63313898298E810A003DC943 /* PrivateClassPurchase.swift in Sources */,
				63DAFFA82973690E00B61735 /* NumberBottomSheet.swift in Sources */,
				63914D452937680700FCA40D /* App.swift in Sources */,
				63B1ED8B2947F19C0070D34F /* Table.swift in Sources */,
				63A4230D298700DC00F9FFE5 /* ContentView.swift in Sources */,
				635CF3862955ECEE0092D1D8 /* ButtonMultiSelect.swift in Sources */,
				635DBD70294617E30071DF29 /* ButtonTypes.swift in Sources */,
				6331389A298E88A7003DC943 /* ClayPurchase.swift in Sources */,
				630F52C32944AD7700BEFF99 /* Fonts.swift in Sources */,
				63496B45293D54E700C557BC /* FiringView.swift in Sources */,
				635DBD7529461FE70071DF29 /* NumberInput.swift in Sources */,
				63A423022986875500F9FFE5 /* User.swift in Sources */,
				63AF959729465C96006E0011 /* ClayPurchaseView.swift in Sources */,
				630B77AD29AD534500FE4A51 /* Purchase.swift in Sources */,
				635CF37C2955E0A00092D1D8 /* BadgeButton.swift in Sources */,
				632A17542AE6CC4D00F8709E /* WorkshopDetailView.swift in Sources */,
				6322296F2AC57323008DC07D /* WholeKilnPurchase.swift in Sources */,
			);
			runOnlyForDeploymentPostprocessing = 0;
		};
		63914D4E2937680800FCA40D /* Sources */ = {
			isa = PBXSourcesBuildPhase;
			buildActionMask = 2147483647;
			files = (
				63914D572937680900FCA40D /* CostsTests.swift in Sources */,
			);
			runOnlyForDeploymentPostprocessing = 0;
		};
		63914D592937680900FCA40D /* Sources */ = {
			isa = PBXSourcesBuildPhase;
			buildActionMask = 2147483647;
			files = (
				63914D622937680900FCA40D /* CostsUITests.swift in Sources */,
			);
			runOnlyForDeploymentPostprocessing = 0;
		};
/* End PBXSourcesBuildPhase section */

/* Begin PBXTargetDependency section */
		63914D542937680800FCA40D /* PBXTargetDependency */ = {
			isa = PBXTargetDependency;
			target = 63914D402937680600FCA40D /* Costs */;
			targetProxy = 63914D532937680800FCA40D /* PBXContainerItemProxy */;
		};
		63914D5F2937680900FCA40D /* PBXTargetDependency */ = {
			isa = PBXTargetDependency;
			target = 63914D402937680600FCA40D /* Costs */;
			targetProxy = 63914D5E2937680900FCA40D /* PBXContainerItemProxy */;
		};
/* End PBXTargetDependency section */

/* Begin XCBuildConfiguration section */
		63914D642937680900FCA40D /* Debug */ = {
			isa = XCBuildConfiguration;
			buildSettings = {
				ALWAYS_SEARCH_USER_PATHS = NO;
				ASSETCATALOG_COMPILER_GENERATE_SWIFT_ASSET_SYMBOL_EXTENSIONS = YES;
				CLANG_ANALYZER_NONNULL = YES;
				CLANG_ANALYZER_NUMBER_OBJECT_CONVERSION = YES_AGGRESSIVE;
				CLANG_CXX_LANGUAGE_STANDARD = "gnu++14";
				CLANG_CXX_LIBRARY = "libc++";
				CLANG_ENABLE_MODULES = YES;
				CLANG_ENABLE_OBJC_ARC = YES;
				CLANG_ENABLE_OBJC_WEAK = YES;
				CLANG_WARN_BLOCK_CAPTURE_AUTORELEASING = YES;
				CLANG_WARN_BOOL_CONVERSION = YES;
				CLANG_WARN_COMMA = YES;
				CLANG_WARN_CONSTANT_CONVERSION = YES;
				CLANG_WARN_DEPRECATED_OBJC_IMPLEMENTATIONS = YES;
				CLANG_WARN_DIRECT_OBJC_ISA_USAGE = YES_ERROR;
				CLANG_WARN_DOCUMENTATION_COMMENTS = YES;
				CLANG_WARN_EMPTY_BODY = YES;
				CLANG_WARN_ENUM_CONVERSION = YES;
				CLANG_WARN_INFINITE_RECURSION = YES;
				CLANG_WARN_INT_CONVERSION = YES;
				CLANG_WARN_NON_LITERAL_NULL_CONVERSION = YES;
				CLANG_WARN_OBJC_IMPLICIT_RETAIN_SELF = YES;
				CLANG_WARN_OBJC_LITERAL_CONVERSION = YES;
				CLANG_WARN_OBJC_ROOT_CLASS = YES_ERROR;
				CLANG_WARN_QUOTED_INCLUDE_IN_FRAMEWORK_HEADER = YES;
				CLANG_WARN_RANGE_LOOP_ANALYSIS = YES;
				CLANG_WARN_STRICT_PROTOTYPES = YES;
				CLANG_WARN_SUSPICIOUS_MOVE = YES;
				CLANG_WARN_UNGUARDED_AVAILABILITY = YES_AGGRESSIVE;
				CLANG_WARN_UNREACHABLE_CODE = YES;
				CLANG_WARN__DUPLICATE_METHOD_MATCH = YES;
				COPY_PHASE_STRIP = NO;
				DEBUG_INFORMATION_FORMAT = dwarf;
				ENABLE_STRICT_OBJC_MSGSEND = YES;
				ENABLE_TESTABILITY = YES;
				ENABLE_USER_SCRIPT_SANDBOXING = YES;
				GCC_C_LANGUAGE_STANDARD = gnu11;
				GCC_DYNAMIC_NO_PIC = NO;
				GCC_NO_COMMON_BLOCKS = YES;
				GCC_OPTIMIZATION_LEVEL = 0;
				GCC_PREPROCESSOR_DEFINITIONS = (
					"DEBUG=1",
					"$(inherited)",
				);
				GCC_WARN_64_TO_32_BIT_CONVERSION = YES;
				GCC_WARN_ABOUT_RETURN_TYPE = YES_ERROR;
				GCC_WARN_UNDECLARED_SELECTOR = YES;
				GCC_WARN_UNINITIALIZED_AUTOS = YES_AGGRESSIVE;
				GCC_WARN_UNUSED_FUNCTION = YES;
				GCC_WARN_UNUSED_VARIABLE = YES;
				IPHONEOS_DEPLOYMENT_TARGET = 15.5;
				MTL_ENABLE_DEBUG_INFO = INCLUDE_SOURCE;
				MTL_FAST_MATH = YES;
				ONLY_ACTIVE_ARCH = YES;
				SDKROOT = iphoneos;
				SWIFT_ACTIVE_COMPILATION_CONDITIONS = DEBUG;
				SWIFT_OPTIMIZATION_LEVEL = "-Onone";
				TARGETED_DEVICE_FAMILY = 2;
			};
			name = Debug;
		};
		63914D652937680900FCA40D /* Release */ = {
			isa = XCBuildConfiguration;
			buildSettings = {
				ALWAYS_SEARCH_USER_PATHS = NO;
				ASSETCATALOG_COMPILER_GENERATE_SWIFT_ASSET_SYMBOL_EXTENSIONS = YES;
				CLANG_ANALYZER_NONNULL = YES;
				CLANG_ANALYZER_NUMBER_OBJECT_CONVERSION = YES_AGGRESSIVE;
				CLANG_CXX_LANGUAGE_STANDARD = "gnu++14";
				CLANG_CXX_LIBRARY = "libc++";
				CLANG_ENABLE_MODULES = YES;
				CLANG_ENABLE_OBJC_ARC = YES;
				CLANG_ENABLE_OBJC_WEAK = YES;
				CLANG_WARN_BLOCK_CAPTURE_AUTORELEASING = YES;
				CLANG_WARN_BOOL_CONVERSION = YES;
				CLANG_WARN_COMMA = YES;
				CLANG_WARN_CONSTANT_CONVERSION = YES;
				CLANG_WARN_DEPRECATED_OBJC_IMPLEMENTATIONS = YES;
				CLANG_WARN_DIRECT_OBJC_ISA_USAGE = YES_ERROR;
				CLANG_WARN_DOCUMENTATION_COMMENTS = YES;
				CLANG_WARN_EMPTY_BODY = YES;
				CLANG_WARN_ENUM_CONVERSION = YES;
				CLANG_WARN_INFINITE_RECURSION = YES;
				CLANG_WARN_INT_CONVERSION = YES;
				CLANG_WARN_NON_LITERAL_NULL_CONVERSION = YES;
				CLANG_WARN_OBJC_IMPLICIT_RETAIN_SELF = YES;
				CLANG_WARN_OBJC_LITERAL_CONVERSION = YES;
				CLANG_WARN_OBJC_ROOT_CLASS = YES_ERROR;
				CLANG_WARN_QUOTED_INCLUDE_IN_FRAMEWORK_HEADER = YES;
				CLANG_WARN_RANGE_LOOP_ANALYSIS = YES;
				CLANG_WARN_STRICT_PROTOTYPES = YES;
				CLANG_WARN_SUSPICIOUS_MOVE = YES;
				CLANG_WARN_UNGUARDED_AVAILABILITY = YES_AGGRESSIVE;
				CLANG_WARN_UNREACHABLE_CODE = YES;
				CLANG_WARN__DUPLICATE_METHOD_MATCH = YES;
				COPY_PHASE_STRIP = NO;
				DEBUG_INFORMATION_FORMAT = "dwarf-with-dsym";
				ENABLE_NS_ASSERTIONS = NO;
				ENABLE_STRICT_OBJC_MSGSEND = YES;
				ENABLE_USER_SCRIPT_SANDBOXING = YES;
				GCC_C_LANGUAGE_STANDARD = gnu11;
				GCC_NO_COMMON_BLOCKS = YES;
				GCC_WARN_64_TO_32_BIT_CONVERSION = YES;
				GCC_WARN_ABOUT_RETURN_TYPE = YES_ERROR;
				GCC_WARN_UNDECLARED_SELECTOR = YES;
				GCC_WARN_UNINITIALIZED_AUTOS = YES_AGGRESSIVE;
				GCC_WARN_UNUSED_FUNCTION = YES;
				GCC_WARN_UNUSED_VARIABLE = YES;
				IPHONEOS_DEPLOYMENT_TARGET = 15.5;
				MTL_ENABLE_DEBUG_INFO = NO;
				MTL_FAST_MATH = YES;
				ONLY_ACTIVE_ARCH = NO;
				SDKROOT = iphoneos;
				SWIFT_COMPILATION_MODE = wholemodule;
				SWIFT_OPTIMIZATION_LEVEL = "-O";
				TARGETED_DEVICE_FAMILY = 2;
				VALIDATE_PRODUCT = YES;
			};
			name = Release;
		};
		63914D672937680900FCA40D /* Debug */ = {
			isa = XCBuildConfiguration;
			buildSettings = {
				ASSETCATALOG_COMPILER_APPICON_NAME = AppIcon;
				ASSETCATALOG_COMPILER_GLOBAL_ACCENT_COLOR_NAME = AccentColor;
				ASSETCATALOG_COMPILER_INCLUDE_ALL_APPICON_ASSETS = YES;
				CODE_SIGN_IDENTITY = "Apple Development";
				CODE_SIGN_STYLE = Automatic;
				DEVELOPMENT_ASSET_PATHS = "\"costs/Preview Content\"";
				DEVELOPMENT_TEAM = 632K6RMDY3;
				ENABLE_PREVIEWS = YES;
				INFOPLIST_FILE = costs/Info.plist;
				INFOPLIST_KEY_CFBundleDisplayName = Costs;
				INFOPLIST_KEY_LSApplicationCategoryType = "public.app-category.utilities";
				IPHONEOS_DEPLOYMENT_TARGET = 15.5;
				LD_RUNPATH_SEARCH_PATHS = (
					"$(inherited)",
					"@executable_path/Frameworks",
				);
				MACOSX_DEPLOYMENT_TARGET = "$(RECOMMENDED_MACOSX_DEPLOYMENT_TARGET)";
				MARKETING_VERSION = 2.0.0;
				PRODUCT_BUNDLE_IDENTIFIER = hu.hypercube.henger.costs;
				PRODUCT_NAME = "$(TARGET_NAME)";
				PROVISIONING_PROFILE_SPECIFIER = "";
				SUPPORTED_PLATFORMS = "iphoneos iphonesimulator";
				SUPPORTS_MACCATALYST = NO;
				SUPPORTS_MAC_DESIGNED_FOR_IPHONE_IPAD = NO;
				SWIFT_VERSION = 5.0;
				TARGETED_DEVICE_FAMILY = 2;
			};
			name = Debug;
		};
		63914D682937680900FCA40D /* Release */ = {
			isa = XCBuildConfiguration;
			buildSettings = {
				ASSETCATALOG_COMPILER_APPICON_NAME = AppIcon;
				ASSETCATALOG_COMPILER_GLOBAL_ACCENT_COLOR_NAME = AccentColor;
				ASSETCATALOG_COMPILER_INCLUDE_ALL_APPICON_ASSETS = YES;
				CODE_SIGN_IDENTITY = "Apple Development";
				CODE_SIGN_STYLE = Automatic;
				DEVELOPMENT_ASSET_PATHS = "\"costs/Preview Content\"";
				DEVELOPMENT_TEAM = 632K6RMDY3;
				ENABLE_PREVIEWS = YES;
				INFOPLIST_FILE = costs/Info.plist;
				INFOPLIST_KEY_CFBundleDisplayName = Costs;
				INFOPLIST_KEY_LSApplicationCategoryType = "public.app-category.utilities";
				IPHONEOS_DEPLOYMENT_TARGET = 15.5;
				LD_RUNPATH_SEARCH_PATHS = (
					"$(inherited)",
					"@executable_path/Frameworks",
				);
				MACOSX_DEPLOYMENT_TARGET = "$(RECOMMENDED_MACOSX_DEPLOYMENT_TARGET)";
				MARKETING_VERSION = 2.0.0;
				PRODUCT_BUNDLE_IDENTIFIER = hu.hypercube.henger.costs;
				PRODUCT_NAME = "$(TARGET_NAME)";
				PROVISIONING_PROFILE_SPECIFIER = "";
				SUPPORTED_PLATFORMS = "iphoneos iphonesimulator";
				SUPPORTS_MACCATALYST = NO;
				SUPPORTS_MAC_DESIGNED_FOR_IPHONE_IPAD = NO;
				SWIFT_VERSION = 5.0;
				TARGETED_DEVICE_FAMILY = 2;
			};
			name = Release;
		};
		63914D6A2937680900FCA40D /* Debug */ = {
			isa = XCBuildConfiguration;
			buildSettings = {
				ALWAYS_EMBED_SWIFT_STANDARD_LIBRARIES = YES;
				BUNDLE_LOADER = "$(TEST_HOST)";
				CODE_SIGN_STYLE = Automatic;
				INFOPLIST_FILE = costsTests/Info.plist;
				IPHONEOS_DEPLOYMENT_TARGET = 14.4;
				LD_RUNPATH_SEARCH_PATHS = (
					"$(inherited)",
					"@executable_path/Frameworks",
					"@loader_path/Frameworks",
				);
				PRODUCT_BUNDLE_IDENTIFIER = hu.hypercube.costsTests;
				PRODUCT_NAME = "$(TARGET_NAME)";
				SWIFT_VERSION = 5.0;
				TARGETED_DEVICE_FAMILY = "1,2";
				TEST_HOST = "$(BUILT_PRODUCTS_DIR)/Costs.app/Costs";
			};
			name = Debug;
		};
		63914D6B2937680900FCA40D /* Release */ = {
			isa = XCBuildConfiguration;
			buildSettings = {
				ALWAYS_EMBED_SWIFT_STANDARD_LIBRARIES = YES;
				BUNDLE_LOADER = "$(TEST_HOST)";
				CODE_SIGN_STYLE = Automatic;
				INFOPLIST_FILE = costsTests/Info.plist;
				IPHONEOS_DEPLOYMENT_TARGET = 14.4;
				LD_RUNPATH_SEARCH_PATHS = (
					"$(inherited)",
					"@executable_path/Frameworks",
					"@loader_path/Frameworks",
				);
				PRODUCT_BUNDLE_IDENTIFIER = hu.hypercube.costsTests;
				PRODUCT_NAME = "$(TARGET_NAME)";
				SWIFT_VERSION = 5.0;
				TARGETED_DEVICE_FAMILY = "1,2";
				TEST_HOST = "$(BUILT_PRODUCTS_DIR)/Costs.app/Costs";
			};
			name = Release;
		};
		63914D6D2937680900FCA40D /* Debug */ = {
			isa = XCBuildConfiguration;
			buildSettings = {
				ALWAYS_EMBED_SWIFT_STANDARD_LIBRARIES = YES;
				CODE_SIGN_STYLE = Automatic;
				INFOPLIST_FILE = costsUITests/Info.plist;
				LD_RUNPATH_SEARCH_PATHS = (
					"$(inherited)",
					"@executable_path/Frameworks",
					"@loader_path/Frameworks",
				);
				PRODUCT_BUNDLE_IDENTIFIER = hu.hypercube.costsUITests;
				PRODUCT_NAME = "$(TARGET_NAME)";
				SWIFT_VERSION = 5.0;
				TARGETED_DEVICE_FAMILY = "1,2";
				TEST_TARGET_NAME = costs;
			};
			name = Debug;
		};
		63914D6E2937680900FCA40D /* Release */ = {
			isa = XCBuildConfiguration;
			buildSettings = {
				ALWAYS_EMBED_SWIFT_STANDARD_LIBRARIES = YES;
				CODE_SIGN_STYLE = Automatic;
				INFOPLIST_FILE = costsUITests/Info.plist;
				LD_RUNPATH_SEARCH_PATHS = (
					"$(inherited)",
					"@executable_path/Frameworks",
					"@loader_path/Frameworks",
				);
				PRODUCT_BUNDLE_IDENTIFIER = hu.hypercube.costsUITests;
				PRODUCT_NAME = "$(TARGET_NAME)";
				SWIFT_VERSION = 5.0;
				TARGETED_DEVICE_FAMILY = "1,2";
				TEST_TARGET_NAME = costs;
			};
			name = Release;
		};
/* End XCBuildConfiguration section */

/* Begin XCConfigurationList section */
		63914D3C2937680600FCA40D /* Build configuration list for PBXProject "Costs" */ = {
			isa = XCConfigurationList;
			buildConfigurations = (
				63914D642937680900FCA40D /* Debug */,
				63914D652937680900FCA40D /* Release */,
			);
			defaultConfigurationIsVisible = 0;
			defaultConfigurationName = Release;
		};
		63914D662937680900FCA40D /* Build configuration list for PBXNativeTarget "Costs" */ = {
			isa = XCConfigurationList;
			buildConfigurations = (
				63914D672937680900FCA40D /* Debug */,
				63914D682937680900FCA40D /* Release */,
			);
			defaultConfigurationIsVisible = 0;
			defaultConfigurationName = Release;
		};
		63914D692937680900FCA40D /* Build configuration list for PBXNativeTarget "CostsTests" */ = {
			isa = XCConfigurationList;
			buildConfigurations = (
				63914D6A2937680900FCA40D /* Debug */,
				63914D6B2937680900FCA40D /* Release */,
			);
			defaultConfigurationIsVisible = 0;
			defaultConfigurationName = Release;
		};
		63914D6C2937680900FCA40D /* Build configuration list for PBXNativeTarget "CostsUITests" */ = {
			isa = XCConfigurationList;
			buildConfigurations = (
				63914D6D2937680900FCA40D /* Debug */,
				63914D6E2937680900FCA40D /* Release */,
			);
			defaultConfigurationIsVisible = 0;
			defaultConfigurationName = Release;
		};
/* End XCConfigurationList section */

/* Begin XCRemoteSwiftPackageReference section */
		635CF3C5295635C80092D1D8 /* XCRemoteSwiftPackageReference "WrappingHStack" */ = {
			isa = XCRemoteSwiftPackageReference;
			repositoryURL = "https://github.com/dkk/WrappingHStack";
			requirement = {
				kind = exactVersion;
				version = 2.2.7;
			};
		};
		63A422FB2986837200F9FFE5 /* XCRemoteSwiftPackageReference "realm-swift" */ = {
			isa = XCRemoteSwiftPackageReference;
			repositoryURL = "https://github.com/realm/realm-swift.git";
			requirement = {
				kind = upToNextMinorVersion;
				minimumVersion = 10.45.3;
			};
		};
		63E1AA01295B94AD000CB0F0 /* XCRemoteSwiftPackageReference "BottomSheet" */ = {
			isa = XCRemoteSwiftPackageReference;
			repositoryURL = "https://github.com/lucaszischka/BottomSheet";
			requirement = {
				kind = upToNextMajorVersion;
				minimumVersion = 2.6.0;
			};
		};
/* End XCRemoteSwiftPackageReference section */

/* Begin XCSwiftPackageProductDependency section */
		635CF3C6295635C80092D1D8 /* WrappingHStack */ = {
			isa = XCSwiftPackageProductDependency;
			package = 635CF3C5295635C80092D1D8 /* XCRemoteSwiftPackageReference "WrappingHStack" */;
			productName = WrappingHStack;
		};
		63A422FC2986837200F9FFE5 /* Realm */ = {
			isa = XCSwiftPackageProductDependency;
			package = 63A422FB2986837200F9FFE5 /* XCRemoteSwiftPackageReference "realm-swift" */;
			productName = Realm;
		};
		63A422FE2986837200F9FFE5 /* RealmSwift */ = {
			isa = XCSwiftPackageProductDependency;
			package = 63A422FB2986837200F9FFE5 /* XCRemoteSwiftPackageReference "realm-swift" */;
			productName = RealmSwift;
		};
		63E1AA02295B94AD000CB0F0 /* BottomSheet */ = {
			isa = XCSwiftPackageProductDependency;
			package = 63E1AA01295B94AD000CB0F0 /* XCRemoteSwiftPackageReference "BottomSheet" */;
			productName = BottomSheet;
		};
/* End XCSwiftPackageProductDependency section */
	};
	rootObject = 63914D392937680600FCA40D /* Project object */;
}
